
Microsoft Visual Studio Solution File, Format Version 12.00
Project("{FAE04EC0-301F-11D3-BF4B-00C04F79EFBC}") = "Blog.PublicApi", "src\Blog.PublicApi\Blog.PublicApi.csproj", "{3ACAC38A-EAA4-494B-92A1-831DEC07DCF9}"
EndProject
Project("{FAE04EC0-301F-11D3-BF4B-00C04F79EFBC}") = "Blog.Domain", "src\Blog.Domain\Blog.Domain.csproj", "{6AFC1B54-F95F-4831-8E5B-D2EE207E4FAC}"
EndProject
Project("{FAE04EC0-301F-11D3-BF4B-00C04F79EFBC}") = "Blog.Localization", "src\Blog.Localization\Blog.Localization.csproj", "{8CEA856C-7E2F-4047-9DF4-75B018DFE499}"
EndProject
Project("{FAE04EC0-301F-11D3-BF4B-00C04F79EFBC}") = "Blog.Infrastructure", "src\Blog.Infrastructure\Blog.Infrastructure.csproj", "{29A57EC9-7782-440B-BA35-16036C396A46}"
EndProject
Project("{FAE04EC0-301F-11D3-BF4B-00C04F79EFBC}") = "Blog.BLL", "src\Blog.BLL\Blog.BLL.csproj", "{7FFB3E35-B1D2-4316-B648-554D108C212A}"
EndProject
Project("{2150E333-8FDC-42A3-9474-1A3956D46DE8}") = "solution items", "solution items", "{6536AEDA-3C7D-4DB6-96F8-02F81DFAB4DA}"
	ProjectSection(SolutionItems) = preProject
		docker-compose.yml = docker-compose.yml
		.gitignore = .gitignore
		docker-compose.override.yml = docker-compose.override.yml
	EndProjectSection
EndProject
Project("{FAE04EC0-301F-11D3-BF4B-00C04F79EFBC}") = "Blog.Application", "src\Blog.Application\Blog.Application.csproj", "{040B5573-7CBD-4907-AF5A-83EB58C75318}"
EndProject
Project("{2150E333-8FDC-42A3-9474-1A3956D46DE8}") = "tests", "tests", "{424A3BF6-DD82-4E5A-8C40-BD5596EE01FE}"
EndProject
Project("{2150E333-8FDC-42A3-9474-1A3956D46DE8}") = "src", "src", "{8F89BDE2-EC51-4A17-BC18-0E29AFB6A9BB}"
EndProject
Global
	GlobalSection(SolutionConfigurationPlatforms) = preSolution
		Debug|Any CPU = Debug|Any CPU
		Release|Any CPU = Release|Any CPU
	EndGlobalSection
	GlobalSection(ProjectConfigurationPlatforms) = postSolution
		{3ACAC38A-EAA4-494B-92A1-831DEC07DCF9}.Debug|Any CPU.ActiveCfg = Debug|Any CPU
		{3ACAC38A-EAA4-494B-92A1-831DEC07DCF9}.Debug|Any CPU.Build.0 = Debug|Any CPU
		{3ACAC38A-EAA4-494B-92A1-831DEC07DCF9}.Release|Any CPU.ActiveCfg = Release|Any CPU
		{3ACAC38A-EAA4-494B-92A1-831DEC07DCF9}.Release|Any CPU.Build.0 = Release|Any CPU
		{6AFC1B54-F95F-4831-8E5B-D2EE207E4FAC}.Debug|Any CPU.ActiveCfg = Debug|Any CPU
		{6AFC1B54-F95F-4831-8E5B-D2EE207E4FAC}.Debug|Any CPU.Build.0 = Debug|Any CPU
		{6AFC1B54-F95F-4831-8E5B-D2EE207E4FAC}.Release|Any CPU.ActiveCfg = Release|Any CPU
		{6AFC1B54-F95F-4831-8E5B-D2EE207E4FAC}.Release|Any CPU.Build.0 = Release|Any CPU
		{8CEA856C-7E2F-4047-9DF4-75B018DFE499}.Debug|Any CPU.ActiveCfg = Debug|Any CPU
		{8CEA856C-7E2F-4047-9DF4-75B018DFE499}.Debug|Any CPU.Build.0 = Debug|Any CPU
		{8CEA856C-7E2F-4047-9DF4-75B018DFE499}.Release|Any CPU.ActiveCfg = Release|Any CPU
		{8CEA856C-7E2F-4047-9DF4-75B018DFE499}.Release|Any CPU.Build.0 = Release|Any CPU
		{29A57EC9-7782-440B-BA35-16036C396A46}.Debug|Any CPU.ActiveCfg = Debug|Any CPU
		{29A57EC9-7782-440B-BA35-16036C396A46}.Debug|Any CPU.Build.0 = Debug|Any CPU
		{29A57EC9-7782-440B-BA35-16036C396A46}.Release|Any CPU.ActiveCfg = Release|Any CPU
		{29A57EC9-7782-440B-BA35-16036C396A46}.Release|Any CPU.Build.0 = Release|Any CPU
		{7FFB3E35-B1D2-4316-B648-554D108C212A}.Debug|Any CPU.ActiveCfg = Debug|Any CPU
		{7FFB3E35-B1D2-4316-B648-554D108C212A}.Debug|Any CPU.Build.0 = Debug|Any CPU
		{7FFB3E35-B1D2-4316-B648-554D108C212A}.Release|Any CPU.ActiveCfg = Release|Any CPU
		{7FFB3E35-B1D2-4316-B648-554D108C212A}.Release|Any CPU.Build.0 = Release|Any CPU
		{040B5573-7CBD-4907-AF5A-83EB58C75318}.Debug|Any CPU.ActiveCfg = Debug|Any CPU
		{040B5573-7CBD-4907-AF5A-83EB58C75318}.Debug|Any CPU.Build.0 = Debug|Any CPU
		{040B5573-7CBD-4907-AF5A-83EB58C75318}.Release|Any CPU.ActiveCfg = Release|Any CPU
		{040B5573-7CBD-4907-AF5A-83EB58C75318}.Release|Any CPU.Build.0 = Release|Any CPU
	EndGlobalSection
	GlobalSection(NestedProjects) = preSolution
		{040B5573-7CBD-4907-AF5A-83EB58C75318} = {8F89BDE2-EC51-4A17-BC18-0E29AFB6A9BB}
		{29A57EC9-7782-440B-BA35-16036C396A46} = {8F89BDE2-EC51-4A17-BC18-0E29AFB6A9BB}
		{8CEA856C-7E2F-4047-9DF4-75B018DFE499} = {8F89BDE2-EC51-4A17-BC18-0E29AFB6A9BB}
		{6AFC1B54-F95F-4831-8E5B-D2EE207E4FAC} = {8F89BDE2-EC51-4A17-BC18-0E29AFB6A9BB}
		{3ACAC38A-EAA4-494B-92A1-831DEC07DCF9} = {8F89BDE2-EC51-4A17-BC18-0E29AFB6A9BB}
		{7FFB3E35-B1D2-4316-B648-554D108C212A} = {8F89BDE2-EC51-4A17-BC18-0E29AFB6A9BB}
	EndGlobalSection
EndGlobal
