
Microsoft Visual Studio Solution File, Format Version 12.00
Project("{FAE04EC0-301F-11D3-BF4B-00C04F79EFBC}") = "MyBlogOnCore", "MyBlogOnCore\MyBlogOnCore.csproj", "{3ACAC38A-EAA4-494B-92A1-831DEC07DCF9}"
EndProject
Project("{FAE04EC0-301F-11D3-BF4B-00C04F79EFBC}") = "MyBlogOnCore.Domain", "MyBlogOnCore.Domain\MyBlogOnCore.Domain.csproj", "{6AFC1B54-F95F-4831-8E5B-D2EE207E4FAC}"
EndProject
Project("{FAE04EC0-301F-11D3-BF4B-00C04F79EFBC}") = "MyBlogOnCore.Localization", "MyBlogOnCore.Localization\MyBlogOnCore.Localization.csproj", "{8CEA856C-7E2F-4047-9DF4-75B018DFE499}"
EndProject
Project("{FAE04EC0-301F-11D3-BF4B-00C04F79EFBC}") = "MyBlogOnCore.DataSource", "MyBlogOnCore.DataSource\MyBlogOnCore.DataSource.csproj", "{29A57EC9-7782-440B-BA35-16036C396A46}"
EndProject
Project("{FAE04EC0-301F-11D3-BF4B-00C04F79EFBC}") = "MyBlogOnCore.BLL", "MyBlogOnCore.BLL\MyBlogOnCore.BLL.csproj", "{7FFB3E35-B1D2-4316-B648-554D108C212A}"
EndProject
Project("{FAE04EC0-301F-11D3-BF4B-00C04F79EFBC}") = "PetBlog.Infrastructure", "PetBlog.Infrastructure\PetBlog.Infrastructure.csproj", "{47F85451-DC83-4EC7-8AF0-DB5C37CD9B73}"
EndProject
Global
	GlobalSection(SolutionConfigurationPlatforms) = preSolution
		Debug|Any CPU = Debug|Any CPU
		Release|Any CPU = Release|Any CPU
	EndGlobalSection
	GlobalSection(ProjectConfigurationPlatforms) = postSolution
		{3ACAC38A-EAA4-494B-92A1-831DEC07DCF9}.Debug|Any CPU.ActiveCfg = Debug|Any CPU
		{3ACAC38A-EAA4-494B-92A1-831DEC07DCF9}.Debug|Any CPU.Build.0 = Debug|Any CPU
		{3ACAC38A-EAA4-494B-92A1-831DEC07DCF9}.Release|Any CPU.ActiveCfg = Release|Any CPU
		{3ACAC38A-EAA4-494B-92A1-831DEC07DCF9}.Release|Any CPU.Build.0 = Release|Any CPU
		{6AFC1B54-F95F-4831-8E5B-D2EE207E4FAC}.Debug|Any CPU.ActiveCfg = Debug|Any CPU
		{6AFC1B54-F95F-4831-8E5B-D2EE207E4FAC}.Debug|Any CPU.Build.0 = Debug|Any CPU
		{6AFC1B54-F95F-4831-8E5B-D2EE207E4FAC}.Release|Any CPU.ActiveCfg = Release|Any CPU
		{6AFC1B54-F95F-4831-8E5B-D2EE207E4FAC}.Release|Any CPU.Build.0 = Release|Any CPU
		{8CEA856C-7E2F-4047-9DF4-75B018DFE499}.Debug|Any CPU.ActiveCfg = Debug|Any CPU
		{8CEA856C-7E2F-4047-9DF4-75B018DFE499}.Debug|Any CPU.Build.0 = Debug|Any CPU
		{8CEA856C-7E2F-4047-9DF4-75B018DFE499}.Release|Any CPU.ActiveCfg = Release|Any CPU
		{8CEA856C-7E2F-4047-9DF4-75B018DFE499}.Release|Any CPU.Build.0 = Release|Any CPU
		{29A57EC9-7782-440B-BA35-16036C396A46}.Debug|Any CPU.ActiveCfg = Debug|Any CPU
		{29A57EC9-7782-440B-BA35-16036C396A46}.Debug|Any CPU.Build.0 = Debug|Any CPU
		{29A57EC9-7782-440B-BA35-16036C396A46}.Release|Any CPU.ActiveCfg = Release|Any CPU
		{29A57EC9-7782-440B-BA35-16036C396A46}.Release|Any CPU.Build.0 = Release|Any CPU
		{7FFB3E35-B1D2-4316-B648-554D108C212A}.Debug|Any CPU.ActiveCfg = Debug|Any CPU
		{7FFB3E35-B1D2-4316-B648-554D108C212A}.Debug|Any CPU.Build.0 = Debug|Any CPU
		{7FFB3E35-B1D2-4316-B648-554D108C212A}.Release|Any CPU.ActiveCfg = Release|Any CPU
		{7FFB3E35-B1D2-4316-B648-554D108C212A}.Release|Any CPU.Build.0 = Release|Any CPU
		{47F85451-DC83-4EC7-8AF0-DB5C37CD9B73}.Debug|Any CPU.ActiveCfg = Debug|Any CPU
		{47F85451-DC83-4EC7-8AF0-DB5C37CD9B73}.Debug|Any CPU.Build.0 = Debug|Any CPU
		{47F85451-DC83-4EC7-8AF0-DB5C37CD9B73}.Release|Any CPU.ActiveCfg = Release|Any CPU
		{47F85451-DC83-4EC7-8AF0-DB5C37CD9B73}.Release|Any CPU.Build.0 = Release|Any CPU
	EndGlobalSection
EndGlobal
